Microsoft Visual Studio Solution File, Format Version 12.00
# Visual Studio Version 17
VisualStudioVersion = 17.10.34928.147
MinimumVisualStudioVersion = 10.0.40219.1
Project("{9A19103F-16F7-4668-BE54-9A1E7A4F7556}") = "Launcher", "Launcher.csproj", "{F5580EFD-195C-40D6-B439-E41A9FB54DE4}"
EndProject
Global
	GlobalSection(SolutionConfigurationPlatforms) = preSolution
		Debug|Any CPU = Debug|Any CPU
		Release|Any CPU = Release|Any CPU
	EndGlobalSection
	GlobalSection(ProjectConfigurationPlatforms) = postSolution
		{F5580EFD-195C-40D6-B439-E41A9FB54DE4}.Debug|Any CPU.ActiveCfg = Debug|Any CPU
		{F5580EFD-195C-40D6-B439-E41A9FB54DE4}.Debug|Any CPU.Build.0 = Debug|Any CPU
		{F5580EFD-195C-40D6-B439-E41A9FB54DE4}.Release|Any CPU.ActiveCfg = Release|Any CPU
		{F5580EFD-195C-40D6-B439-E41A9FB54DE4}.Release|Any CPU.Build.0 = Release|Any CPU
	EndGlobalSection
	GlobalSection(SolutionProperties) = preSolution
		HideSolutionNode = FALSE
	EndGlobalSection
	GlobalSection(ExtensibilityGlobals) = postSolution
		SolutionGuid = {5B93CF1B-259B-466F-A78B-99F4041E8B44}
	EndGlobalSection
EndGlobal
